// !$*UTF8*$!
{
	archiveVersion = 1;
	classes = {
	};
	objectVersion = 50;
	objects = {

/* Begin PBXBuildFile section */
		02983CAB2451359600CF60E7 /* AppDelegate.swift in Sources */ = {isa = PBXBuildFile; fileRef = 02983CAA2451359600CF60E7 /* AppDelegate.swift */; };
		02983CAF2451359600CF60E7 /* ViewController.swift in Sources */ = {isa = PBXBuildFile; fileRef = 02983CAE2451359600CF60E7 /* ViewController.swift */; };
		02983CB22451359600CF60E7 /* Main.storyboard in Resources */ = {isa = PBXBuildFile; fileRef = 02983CB02451359600CF60E7 /* Main.storyboard */; };
		02983CB42451359900CF60E7 /* Assets.xcassets in Resources */ = {isa = PBXBuildFile; fileRef = 02983CB32451359900CF60E7 /* Assets.xcassets */; };
		02983CB72451359900CF60E7 /* LaunchScreen.storyboard in Resources */ = {isa = PBXBuildFile; fileRef = 02983CB52451359900CF60E7 /* LaunchScreen.storyboard */; };
		02983CD32451369300CF60E7 /* config.xml in Resources */ = {isa = PBXBuildFile; fileRef = 02983CD22451369300CF60E7 /* config.xml */; };
		02983CD5245136BA00CF60E7 /* www in Resources */ = {isa = PBXBuildFile; fileRef = 02983CD4245136B900CF60E7 /* www */; };
		02983CD92451370C00CF60E7 /* libCordova.a in Frameworks */ = {isa = PBXBuildFile; fileRef = 02983CCF2451368100CF60E7 /* libCordova.a */; };
		02983CE1245139CA00CF60E7 /* copy-www-build-step.sh in Resources */ = {isa = PBXBuildFile; fileRef = 02983CE0245139CA00CF60E7 /* copy-www-build-step.sh */; };
		02983F9524518CF300CF60E7 /* TestPlugin.m in Sources */ = {isa = PBXBuildFile; fileRef = 02983F9424518CF300CF60E7 /* TestPlugin.m */; };
/* End PBXBuildFile section */

/* Begin PBXContainerItemProxy section */
		02983CCE2451368100CF60E7 /* PBXContainerItemProxy */ = {
			isa = PBXContainerItemProxy;
			containerPortal = 02983CC92451368100CF60E7 /* CordovaLib.xcodeproj */;
			proxyType = 2;
			remoteGlobalIDString = 68A32D7114102E1C006B237C;
			remoteInfo = CordovaLib;
		};
		02983CD02451368100CF60E7 /* PBXContainerItemProxy */ = {
			isa = PBXContainerItemProxy;
			containerPortal = 02983CC92451368100CF60E7 /* CordovaLib.xcodeproj */;
			proxyType = 2;
			remoteGlobalIDString = C0C01EB21E3911D50056E6CB;
			remoteInfo = Cordova;
		};
		02983CD62451370300CF60E7 /* PBXContainerItemProxy */ = {
			isa = PBXContainerItemProxy;
			containerPortal = 02983CC92451368100CF60E7 /* CordovaLib.xcodeproj */;
			proxyType = 1;
			remoteGlobalIDString = D2AAC07D0554694100DB518D;
			remoteInfo = CordovaLib;
		};
/* End PBXContainerItemProxy section */

/* Begin PBXFileReference section */
		02983CA72451359600CF60E7 /* CodavaWeb.app */ = {isa = PBXFileReference; explicitFileType = wrapper.application; includeInIndex = 0; path = CodavaWeb.app; sourceTree = BUILT_PRODUCTS_DIR; };
		02983CAA2451359600CF60E7 /* AppDelegate.swift */ = {isa = PBXFileReference; lastKnownFileType = sourcecode.swift; path = AppDelegate.swift; sourceTree = "<group>"; };
		02983CAE2451359600CF60E7 /* ViewController.swift */ = {isa = PBXFileReference; lastKnownFileType = sourcecode.swift; path = ViewController.swift; sourceTree = "<group>"; };
		02983CB12451359600CF60E7 /* Base */ = {isa = PBXFileReference; lastKnownFileType = file.storyboard; name = Base; path = Base.lproj/Main.storyboard; sourceTree = "<group>"; };
		02983CB32451359900CF60E7 /* Assets.xcassets */ = {isa = PBXFileReference; lastKnownFileType = folder.assetcatalog; path = Assets.xcassets; sourceTree = "<group>"; };
		02983CB62451359900CF60E7 /* Base */ = {isa = PBXFileReference; lastKnownFileType = file.storyboard; name = Base; path = Base.lproj/LaunchScreen.storyboard; sourceTree = "<group>"; };
		02983CB82451359900CF60E7 /* Info.plist */ = {isa = PBXFileReference; lastKnownFileType = text.plist.xml; path = Info.plist; sourceTree = "<group>"; };
		02983CC92451368100CF60E7 /* CordovaLib.xcodeproj */ = {isa = PBXFileReference; lastKnownFileType = "wrapper.pb-project"; name = CordovaLib.xcodeproj; path = CordovaLib/CordovaLib.xcodeproj; sourceTree = SOURCE_ROOT; };
		02983CD22451369300CF60E7 /* config.xml */ = {isa = PBXFileReference; fileEncoding = 4; lastKnownFileType = text.xml; path = config.xml; sourceTree = "<group>"; };
		02983CD4245136B900CF60E7 /* www */ = {isa = PBXFileReference; fileEncoding = 4; lastKnownFileType = text; path = www; sourceTree = SOURCE_ROOT; };
		02983CDC245138DA00CF60E7 /* MySwiftProject-Bridging-Header.h */ = {isa = PBXFileReference; lastKnownFileType = sourcecode.c.h; path = "MySwiftProject-Bridging-Header.h"; sourceTree = "<group>"; };
		02983CE0245139CA00CF60E7 /* copy-www-build-step.sh */ = {isa = PBXFileReference; fileEncoding = 4; lastKnownFileType = text.script.sh; path = "copy-www-build-step.sh"; sourceTree = "<group>"; };
		02983F9324518CF300CF60E7 /* TestPlugin.h */ = {isa = PBXFileReference; lastKnownFileType = sourcecode.c.h; path = TestPlugin.h; sourceTree = "<group>"; };
		02983F9424518CF300CF60E7 /* TestPlugin.m */ = {isa = PBXFileReference; lastKnownFileType = sourcecode.c.objc; path = TestPlugin.m; sourceTree = "<group>"; };
/* End PBXFileReference section */

/* Begin PBXFrameworksBuildPhase section */
		02983CA42451359600CF60E7 /* Frameworks */ = {
			isa = PBXFrameworksBuildPhase;
			buildActionMask = 2147483647;
			files = (
				02983CD92451370C00CF60E7 /* libCordova.a in Frameworks */,
			);
			runOnlyForDeploymentPostprocessing = 0;
		};
/* End PBXFrameworksBuildPhase section */

/* Begin PBXGroup section */
		02983C9E2451359600CF60E7 = {
			isa = PBXGroup;
			children = (
				02983CA92451359600CF60E7 /* CodavaWeb */,
				02983CA82451359600CF60E7 /* Products */,
				02983CD82451370C00CF60E7 /* Frameworks */,
			);
			sourceTree = "<group>";
		};
		02983CA82451359600CF60E7 /* Products */ = {
			isa = PBXGroup;
			children = (
				02983CA72451359600CF60E7 /* CodavaWeb.app */,
			);
			name = Products;
			sourceTree = "<group>";
		};
		02983CA92451359600CF60E7 /* CodavaWeb */ = {
			isa = PBXGroup;
			children = (
				02983CDF245139CA00CF60E7 /* Scripts */,
				02983CD4245136B900CF60E7 /* www */,
				02983CD22451369300CF60E7 /* config.xml */,
				02983CC92451368100CF60E7 /* CordovaLib.xcodeproj */,
				02983CAA2451359600CF60E7 /* AppDelegate.swift */,
				02983CAE2451359600CF60E7 /* ViewController.swift */,
				02983F9324518CF300CF60E7 /* TestPlugin.h */,
				02983F9424518CF300CF60E7 /* TestPlugin.m */,
				02983CDC245138DA00CF60E7 /* MySwiftProject-Bridging-Header.h */,
				02983CB02451359600CF60E7 /* Main.storyboard */,
				02983CB32451359900CF60E7 /* Assets.xcassets */,
				02983CB52451359900CF60E7 /* LaunchScreen.storyboard */,
				02983CB82451359900CF60E7 /* Info.plist */,
			);
			path = CodavaWeb;
			sourceTree = "<group>";
		};
		02983CCA2451368100CF60E7 /* Products */ = {
			isa = PBXGroup;
			children = (
				02983CCF2451368100CF60E7 /* libCordova.a */,
				02983CD12451368100CF60E7 /* Cordova.framework */,
			);
			name = Products;
			sourceTree = "<group>";
		};
		02983CD82451370C00CF60E7 /* Frameworks */ = {
			isa = PBXGroup;
			children = (
			);
			name = Frameworks;
			sourceTree = "<group>";
		};
		02983CDF245139CA00CF60E7 /* Scripts */ = {
			isa = PBXGroup;
			children = (
				02983CE0245139CA00CF60E7 /* copy-www-build-step.sh */,
			);
			path = Scripts;
			sourceTree = "<group>";
		};
/* End PBXGroup section */

/* Begin PBXNativeTarget section */
		02983CA62451359600CF60E7 /* CodavaWeb */ = {
			isa = PBXNativeTarget;
			buildConfigurationList = 02983CBB2451359900CF60E7 /* Build configuration list for PBXNativeTarget "CodavaWeb" */;
			buildPhases = (
				02983CA32451359600CF60E7 /* Sources */,
				02983CA42451359600CF60E7 /* Frameworks */,
				02983CA52451359600CF60E7 /* Resources */,
				02983CDA2451371900CF60E7 /* Copy www directory */,
			);
			buildRules = (
			);
			dependencies = (
				02983CD72451370300CF60E7 /* PBXTargetDependency */,
			);
			name = CodavaWeb;
			productName = CodavaWeb;
			productReference = 02983CA72451359600CF60E7 /* CodavaWeb.app */;
			productType = "com.apple.product-type.application";
		};
/* End PBXNativeTarget section */

/* Begin PBXProject section */
		02983C9F2451359600CF60E7 /* Project object */ = {
			isa = PBXProject;
			attributes = {
				LastSwiftUpdateCheck = 1140;
				LastUpgradeCheck = 1140;
				ORGANIZATIONNAME = wiseinfoiotDev;
				TargetAttributes = {
					02983CA62451359600CF60E7 = {
						CreatedOnToolsVersion = 11.4;
					};
				};
			};
			buildConfigurationList = 02983CA22451359600CF60E7 /* Build configuration list for PBXProject "CodavaWeb" */;
			compatibilityVersion = "Xcode 9.3";
			developmentRegion = en;
			hasScannedForEncodings = 0;
			knownRegions = (
				en,
				Base,
			);
			mainGroup = 02983C9E2451359600CF60E7;
			productRefGroup = 02983CA82451359600CF60E7 /* Products */;
			projectDirPath = "";
			projectReferences = (
				{
					ProductGroup = 02983CCA2451368100CF60E7 /* Products */;
					ProjectRef = 02983CC92451368100CF60E7 /* CordovaLib.xcodeproj */;
				},
			);
			projectRoot = "";
			targets = (
				02983CA62451359600CF60E7 /* CodavaWeb */,
			);
		};
/* End PBXProject section */

/* Begin PBXReferenceProxy section */
		02983CCF2451368100CF60E7 /* libCordova.a */ = {
			isa = PBXReferenceProxy;
			fileType = archive.ar;
			path = libCordova.a;
			remoteRef = 02983CCE2451368100CF60E7 /* PBXContainerItemProxy */;
			sourceTree = BUILT_PRODUCTS_DIR;
		};
		02983CD12451368100CF60E7 /* Cordova.framework */ = {
			isa = PBXReferenceProxy;
			fileType = wrapper.framework;
			path = Cordova.framework;
			remoteRef = 02983CD02451368100CF60E7 /* PBXContainerItemProxy */;
			sourceTree = BUILT_PRODUCTS_DIR;
		};
/* End PBXReferenceProxy section */

/* Begin PBXResourcesBuildPhase section */
		02983CA52451359600CF60E7 /* Resources */ = {
			isa = PBXResourcesBuildPhase;
			buildActionMask = 2147483647;
			files = (
				02983CB72451359900CF60E7 /* LaunchScreen.storyboard in Resources */,
				02983CB42451359900CF60E7 /* Assets.xcassets in Resources */,
				02983CE1245139CA00CF60E7 /* copy-www-build-step.sh in Resources */,
				02983CB22451359600CF60E7 /* Main.storyboard in Resources */,
				02983CD5245136BA00CF60E7 /* www in Resources */,
				02983CD32451369300CF60E7 /* config.xml in Resources */,
			);
			runOnlyForDeploymentPostprocessing = 0;
		};
/* End PBXResourcesBuildPhase section */

/* Begin PBXShellScriptBuildPhase section */
		02983CDA2451371900CF60E7 /* Copy www directory */ = {
			isa = PBXShellScriptBuildPhase;
			buildActionMask = 2147483647;
			files = (
			);
			inputFileListPaths = (
			);
			inputPaths = (
			);
			name = "Copy www directory";
			outputFileListPaths = (
			);
			outputPaths = (
			);
			runOnlyForDeploymentPostprocessing = 0;
			shellPath = /bin/sh;
			shellScript = "\"$SRCROOT/CodavaWeb/Scripts/copy-www-build-step.sh\"\n";
			showEnvVarsInLog = 0;
		};
/* End PBXShellScriptBuildPhase section */

/* Begin PBXSourcesBuildPhase section */
		02983CA32451359600CF60E7 /* Sources */ = {
			isa = PBXSourcesBuildPhase;
			buildActionMask = 2147483647;
			files = (
				02983F9524518CF300CF60E7 /* TestPlugin.m in Sources */,
				02983CAF2451359600CF60E7 /* ViewController.swift in Sources */,
				02983CAB2451359600CF60E7 /* AppDelegate.swift in Sources */,
			);
			runOnlyForDeploymentPostprocessing = 0;
		};
/* End PBXSourcesBuildPhase section */

/* Begin PBXTargetDependency section */
		02983CD72451370300CF60E7 /* PBXTargetDependency */ = {
			isa = PBXTargetDependency;
			name = CordovaLib;
			targetProxy = 02983CD62451370300CF60E7 /* PBXContainerItemProxy */;
		};
/* End PBXTargetDependency section */

/* Begin PBXVariantGroup section */
		02983CB02451359600CF60E7 /* Main.storyboard */ = {
			isa = PBXVariantGroup;
			children = (
				02983CB12451359600CF60E7 /* Base */,
			);
			name = Main.storyboard;
			sourceTree = "<group>";
		};
		02983CB52451359900CF60E7 /* LaunchScreen.storyboard */ = {
			isa = PBXVariantGroup;
			children = (
				02983CB62451359900CF60E7 /* Base */,
			);
			name = LaunchScreen.storyboard;
			sourceTree = "<group>";
		};
/* End PBXVariantGroup section */

/* Begin XCBuildConfiguration section */
		02983CB92451359900CF60E7 /* Debug */ = {
			isa = XCBuildConfiguration;
			buildSettings = {
				ALWAYS_SEARCH_USER_PATHS = NO;
				CLANG_ANALYZER_NONNULL = YES;
				CLANG_ANALYZER_NUMBER_OBJECT_CONVERSION = YES_AGGRESSIVE;
				CLANG_CXX_LANGUAGE_STANDARD = "gnu++14";
				CLANG_CXX_LIBRARY = "libc++";
				CLANG_ENABLE_MODULES = YES;
				CLANG_ENABLE_OBJC_ARC = YES;
				CLANG_ENABLE_OBJC_WEAK = YES;
				CLANG_WARN_BLOCK_CAPTURE_AUTORELEASING = YES;
				CLANG_WARN_BOOL_CONVERSION = YES;
				CLANG_WARN_COMMA = YES;
				CLANG_WARN_CONSTANT_CONVERSION = YES;
				CLANG_WARN_DEPRECATED_OBJC_IMPLEMENTATIONS = YES;
				CLANG_WARN_DIRECT_OBJC_ISA_USAGE = YES_ERROR;
				CLANG_WARN_DOCUMENTATION_COMMENTS = YES;
				CLANG_WARN_EMPTY_BODY = YES;
				CLANG_WARN_ENUM_CONVERSION = YES;
				CLANG_WARN_INFINITE_RECURSION = YES;
				CLANG_WARN_INT_CONVERSION = YES;
				CLANG_WARN_NON_LITERAL_NULL_CONVERSION = YES;
				CLANG_WARN_OBJC_IMPLICIT_RETAIN_SELF = YES;
				CLANG_WARN_OBJC_LITERAL_CONVERSION = YES;
				CLANG_WARN_OBJC_ROOT_CLASS = YES_ERROR;
				CLANG_WARN_RANGE_LOOP_ANALYSIS = YES;
				CLANG_WARN_STRICT_PROTOTYPES = YES;
				CLANG_WARN_SUSPICIOUS_MOVE = YES;
				CLANG_WARN_UNGUARDED_AVAILABILITY = YES_AGGRESSIVE;
				CLANG_WARN_UNREACHABLE_CODE = YES;
				CLANG_WARN__DUPLICATE_METHOD_MATCH = YES;
				COPY_PHASE_STRIP = NO;
				DEBUG_INFORMATION_FORMAT = dwarf;
				ENABLE_STRICT_OBJC_MSGSEND = YES;
				ENABLE_TESTABILITY = YES;
				GCC_C_LANGUAGE_STANDARD = gnu11;
				GCC_DYNAMIC_NO_PIC = NO;
				GCC_NO_COMMON_BLOCKS = YES;
				GCC_OPTIMIZATION_LEVEL = 0;
				GCC_PREPROCESSOR_DEFINITIONS = (
					"DEBUG=1",
					"$(inherited)",
				);
				GCC_WARN_64_TO_32_BIT_CONVERSION = YES;
				GCC_WARN_ABOUT_RETURN_TYPE = YES_ERROR;
				GCC_WARN_UNDECLARED_SELECTOR = YES;
				GCC_WARN_UNINITIALIZED_AUTOS = YES_AGGRESSIVE;
				GCC_WARN_UNUSED_FUNCTION = YES;
				GCC_WARN_UNUSED_VARIABLE = YES;
				IPHONEOS_DEPLOYMENT_TARGET = 12.4;
				MTL_ENABLE_DEBUG_INFO = INCLUDE_SOURCE;
				MTL_FAST_MATH = YES;
				ONLY_ACTIVE_ARCH = YES;
				SDKROOT = iphoneos;
				SWIFT_ACTIVE_COMPILATION_CONDITIONS = DEBUG;
				SWIFT_OPTIMIZATION_LEVEL = "-Onone";
			};
			name = Debug;
		};
		02983CBA2451359900CF60E7 /* Release */ = {
			isa = XCBuildConfiguration;
			buildSettings = {
				ALWAYS_SEARCH_USER_PATHS = NO;
				CLANG_ANALYZER_NONNULL = YES;
				CLANG_ANALYZER_NUMBER_OBJECT_CONVERSION = YES_AGGRESSIVE;
				CLANG_CXX_LANGUAGE_STANDARD = "gnu++14";
				CLANG_CXX_LIBRARY = "libc++";
				CLANG_ENABLE_MODULES = YES;
				CLANG_ENABLE_OBJC_ARC = YES;
				CLANG_ENABLE_OBJC_WEAK = YES;
				CLANG_WARN_BLOCK_CAPTURE_AUTORELEASING = YES;
				CLANG_WARN_BOOL_CONVERSION = YES;
				CLANG_WARN_COMMA = YES;
				CLANG_WARN_CONSTANT_CONVERSION = YES;
				CLANG_WARN_DEPRECATED_OBJC_IMPLEMENTATIONS = YES;
				CLANG_WARN_DIRECT_OBJC_ISA_USAGE = YES_ERROR;
				CLANG_WARN_DOCUMENTATION_COMMENTS = YES;
				CLANG_WARN_EMPTY_BODY = YES;
				CLANG_WARN_ENUM_CONVERSION = YES;
				CLANG_WARN_INFINITE_RECURSION = YES;
				CLANG_WARN_INT_CONVERSION = YES;
				CLANG_WARN_NON_LITERAL_NULL_CONVERSION = YES;
				CLANG_WARN_OBJC_IMPLICIT_RETAIN_SELF = YES;
				CLANG_WARN_OBJC_LITERAL_CONVERSION = YES;
				CLANG_WARN_OBJC_ROOT_CLASS = YES_ERROR;
				CLANG_WARN_RANGE_LOOP_ANALYSIS = YES;
				CLANG_WARN_STRICT_PROTOTYPES = YES;
				CLANG_WARN_SUSPICIOUS_MOVE = YES;
				CLANG_WARN_UNGUARDED_AVAILABILITY = YES_AGGRESSIVE;
				CLANG_WARN_UNREACHABLE_CODE = YES;
				CLANG_WARN__DUPLICATE_METHOD_MATCH = YES;
				COPY_PHASE_STRIP = NO;
				DEBUG_INFORMATION_FORMAT = "dwarf-with-dsym";
				ENABLE_NS_ASSERTIONS = NO;
				ENABLE_STRICT_OBJC_MSGSEND = YES;
				GCC_C_LANGUAGE_STANDARD = gnu11;
				GCC_NO_COMMON_BLOCKS = YES;
				GCC_WARN_64_TO_32_BIT_CONVERSION = YES;
				GCC_WARN_ABOUT_RETURN_TYPE = YES_ERROR;
				GCC_WARN_UNDECLARED_SELECTOR = YES;
				GCC_WARN_UNINITIALIZED_AUTOS = YES_AGGRESSIVE;
				GCC_WARN_UNUSED_FUNCTION = YES;
				GCC_WARN_UNUSED_VARIABLE = YES;
				IPHONEOS_DEPLOYMENT_TARGET = 12.4;
				MTL_ENABLE_DEBUG_INFO = NO;
				MTL_FAST_MATH = YES;
				SDKROOT = iphoneos;
				SWIFT_COMPILATION_MODE = wholemodule;
				SWIFT_OPTIMIZATION_LEVEL = "-O";
				VALIDATE_PRODUCT = YES;
			};
			name = Release;
		};
		02983CBC2451359900CF60E7 /* Debug */ = {
			isa = XCBuildConfiguration;
			buildSettings = {
				ASSETCATALOG_COMPILER_APPICON_NAME = AppIcon;
				CODE_SIGN_IDENTITY = "iPhone Developer";
				CODE_SIGN_STYLE = Manual;
				DEVELOPMENT_TEAM = X4A43BNS86;
				INFOPLIST_FILE = CodavaWeb/Info.plist;
				LD_RUNPATH_SEARCH_PATHS = (
					"$(inherited)",
					"@executable_path/Frameworks",
				);
				OTHER_LDFLAGS = (
					"-ObjC",
					"-all_load",
				);
				PRODUCT_BUNDLE_IDENTIFIER = com.wiseinfoiotDev.CodavaWeb;
				PRODUCT_NAME = "$(TARGET_NAME)";
				PROVISIONING_PROFILE_SPECIFIER = com.wiseinfoiotDev;
				SWIFT_OBJC_BRIDGING_HEADER = "$(SRCROOT)/CodavaWeb/MySwiftProject-Bridging-Header.h";
				SWIFT_VERSION = 5.0;
				TARGETED_DEVICE_FAMILY = "1,2";
			};
			name = Debug;
		};
		02983CBD2451359900CF60E7 /* Release */ = {
			isa = XCBuildConfiguration;
			buildSettings = {
				ASSETCATALOG_COMPILER_APPICON_NAME = AppIcon;
				CODE_SIGN_IDENTITY = "iPhone Developer";
				CODE_SIGN_STYLE = Manual;
				DEVELOPMENT_TEAM = X4A43BNS86;
				INFOPLIST_FILE = CodavaWeb/Info.plist;
				LD_RUNPATH_SEARCH_PATHS = (
					"$(inherited)",
					"@executable_path/Frameworks",
				);
				OTHER_LDFLAGS = (
					"-ObjC",
					"-all_load",
				);
				PRODUCT_BUNDLE_IDENTIFIER = com.wiseinfoiotDev.CodavaWeb;
				PRODUCT_NAME = "$(TARGET_NAME)";
				PROVISIONING_PROFILE_SPECIFIER = com.wiseinfoiotDev;
				SWIFT_OBJC_BRIDGING_HEADER = "$(SRCROOT)/CodavaWeb/MySwiftProject-Bridging-Header.h";
				SWIFT_VERSION = 5.0;
				TARGETED_DEVICE_FAMILY = "1,2";
			};
			name = Release;
		};
/* End XCBuildConfiguration section */

/* Begin XCConfigurationList section */
		02983CA22451359600CF60E7 /* Build configuration list for PBXProject "CodavaWeb" */ = {
			isa = XCConfigurationList;
			buildConfigurations = (
				02983CB92451359900CF60E7 /* Debug */,
				02983CBA2451359900CF60E7 /* Release */,
			);
			defaultConfigurationIsVisible = 0;
			defaultConfigurationName = Release;
		};
		02983CBB2451359900CF60E7 /* Build configuration list for PBXNativeTarget "CodavaWeb" */ = {
			isa = XCConfigurationList;
			buildConfigurations = (
				02983CBC2451359900CF60E7 /* Debug */,
				02983CBD2451359900CF60E7 /* Release */,
			);
			defaultConfigurationIsVisible = 0;
			defaultConfigurationName = Release;
		};
/* End XCConfigurationList section */
	};
	rootObject = 02983C9F2451359600CF60E7 /* Project object */;
}
